// !$*UTF8*$!
{
	archiveVersion = 1;
	classes = {
	};
	objectVersion = 56;
	objects = {

/* Begin PBXBuildFile section */
		278232452B5776E600155418 /* AppDelegate.swift in Sources */ = {isa = PBXBuildFile; fileRef = 278232442B5776E600155418 /* AppDelegate.swift */; };
		278232472B5776E600155418 /* SceneDelegate.swift in Sources */ = {isa = PBXBuildFile; fileRef = 278232462B5776E600155418 /* SceneDelegate.swift */; };
		2782324C2B5776E600155418 /* Main.storyboard in Resources */ = {isa = PBXBuildFile; fileRef = 2782324A2B5776E600155418 /* Main.storyboard */; };
		278232512B5776E700155418 /* LaunchScreen.storyboard in Resources */ = {isa = PBXBuildFile; fileRef = 2782324F2B5776E700155418 /* LaunchScreen.storyboard */; };
		278232952B58124900155418 /* LoginVC.swift in Sources */ = {isa = PBXBuildFile; fileRef = 278232942B58124900155418 /* LoginVC.swift */; };
		278232972B58125900155418 /* JoinVC.swift in Sources */ = {isa = PBXBuildFile; fileRef = 278232962B58125900155418 /* JoinVC.swift */; };
		278232992B58126E00155418 /* MovieListVC.swift in Sources */ = {isa = PBXBuildFile; fileRef = 278232982B58126E00155418 /* MovieListVC.swift */; };
		2782329B2B58127E00155418 /* MovieDetailVC.swift in Sources */ = {isa = PBXBuildFile; fileRef = 2782329A2B58127E00155418 /* MovieDetailVC.swift */; };
		2782329D2B58129600155418 /* MovieBookingVC.swift in Sources */ = {isa = PBXBuildFile; fileRef = 2782329C2B58129600155418 /* MovieBookingVC.swift */; };
		2782329F2B5812B400155418 /* MovieSearchingVC.swift in Sources */ = {isa = PBXBuildFile; fileRef = 2782329E2B5812B400155418 /* MovieSearchingVC.swift */; };
		278232A12B5812C700155418 /* MyPageVC.swift in Sources */ = {isa = PBXBuildFile; fileRef = 278232A02B5812C700155418 /* MyPageVC.swift */; };
		278232A72B59A25300155418 /* ApiConstants.swift in Sources */ = {isa = PBXBuildFile; fileRef = 278232A62B59A25300155418 /* ApiConstants.swift */; };
		278232A92B59A26100155418 /* NetworkManager.swift in Sources */ = {isa = PBXBuildFile; fileRef = 278232A82B59A26100155418 /* NetworkManager.swift */; };
		278232AB2B59A27800155418 /* MovieInfo.swift in Sources */ = {isa = PBXBuildFile; fileRef = 278232AA2B59A27800155418 /* MovieInfo.swift */; };
		278232AD2B59A29400155418 /* UserInfo.swift in Sources */ = {isa = PBXBuildFile; fileRef = 278232AC2B59A29400155418 /* UserInfo.swift */; };
		278232AF2B59A2A300155418 /* APiManager.swift in Sources */ = {isa = PBXBuildFile; fileRef = 278232AE2B59A2A300155418 /* APiManager.swift */; };
		278232B12B59A2C400155418 /* UserDefaultsManager.swift in Sources */ = {isa = PBXBuildFile; fileRef = 278232B02B59A2C400155418 /* UserDefaultsManager.swift */; };
		278232B32B59A2D500155418 /* DateFormatter.swift in Sources */ = {isa = PBXBuildFile; fileRef = 278232B22B59A2D500155418 /* DateFormatter.swift */; };
		278232B52B59AD7900155418 /* UIColor+Hex.swift in Sources */ = {isa = PBXBuildFile; fileRef = 278232B42B59AD7900155418 /* UIColor+Hex.swift */; };
/* End PBXBuildFile section */

/* Begin PBXFileReference section */
		278232412B5776E600155418 /* myCinema.app */ = {isa = PBXFileReference; explicitFileType = wrapper.application; includeInIndex = 0; path = myCinema.app; sourceTree = BUILT_PRODUCTS_DIR; };
		278232442B5776E600155418 /* AppDelegate.swift */ = {isa = PBXFileReference; lastKnownFileType = sourcecode.swift; path = AppDelegate.swift; sourceTree = "<group>"; };
		278232462B5776E600155418 /* SceneDelegate.swift */ = {isa = PBXFileReference; lastKnownFileType = sourcecode.swift; path = SceneDelegate.swift; sourceTree = "<group>"; };
		2782324B2B5776E600155418 /* Base */ = {isa = PBXFileReference; lastKnownFileType = file.storyboard; name = Base; path = Base.lproj/Main.storyboard; sourceTree = "<group>"; };
		278232502B5776E700155418 /* Base */ = {isa = PBXFileReference; lastKnownFileType = file.storyboard; name = Base; path = Base.lproj/LaunchScreen.storyboard; sourceTree = "<group>"; };
		278232522B5776E700155418 /* Info.plist */ = {isa = PBXFileReference; lastKnownFileType = text.plist.xml; path = Info.plist; sourceTree = "<group>"; };
		278232942B58124900155418 /* LoginVC.swift */ = {isa = PBXFileReference; lastKnownFileType = sourcecode.swift; path = LoginVC.swift; sourceTree = "<group>"; };
		278232962B58125900155418 /* JoinVC.swift */ = {isa = PBXFileReference; lastKnownFileType = sourcecode.swift; path = JoinVC.swift; sourceTree = "<group>"; };
		278232982B58126E00155418 /* MovieListVC.swift */ = {isa = PBXFileReference; lastKnownFileType = sourcecode.swift; path = MovieListVC.swift; sourceTree = "<group>"; };
		2782329A2B58127E00155418 /* MovieDetailVC.swift */ = {isa = PBXFileReference; lastKnownFileType = sourcecode.swift; path = MovieDetailVC.swift; sourceTree = "<group>"; };
		2782329C2B58129600155418 /* MovieBookingVC.swift */ = {isa = PBXFileReference; lastKnownFileType = sourcecode.swift; path = MovieBookingVC.swift; sourceTree = "<group>"; };
		2782329E2B5812B400155418 /* MovieSearchingVC.swift */ = {isa = PBXFileReference; lastKnownFileType = sourcecode.swift; path = MovieSearchingVC.swift; sourceTree = "<group>"; };
		278232A02B5812C700155418 /* MyPageVC.swift */ = {isa = PBXFileReference; lastKnownFileType = sourcecode.swift; path = MyPageVC.swift; sourceTree = "<group>"; };
		278232A62B59A25300155418 /* ApiConstants.swift */ = {isa = PBXFileReference; lastKnownFileType = sourcecode.swift; path = ApiConstants.swift; sourceTree = "<group>"; };
		278232A82B59A26100155418 /* NetworkManager.swift */ = {isa = PBXFileReference; lastKnownFileType = sourcecode.swift; path = NetworkManager.swift; sourceTree = "<group>"; };
		278232AA2B59A27800155418 /* MovieInfo.swift */ = {isa = PBXFileReference; lastKnownFileType = sourcecode.swift; path = MovieInfo.swift; sourceTree = "<group>"; };
		278232AC2B59A29400155418 /* UserInfo.swift */ = {isa = PBXFileReference; lastKnownFileType = sourcecode.swift; path = UserInfo.swift; sourceTree = "<group>"; };
		278232AE2B59A2A300155418 /* APiManager.swift */ = {isa = PBXFileReference; lastKnownFileType = sourcecode.swift; path = APiManager.swift; sourceTree = "<group>"; };
		278232B02B59A2C400155418 /* UserDefaultsManager.swift */ = {isa = PBXFileReference; lastKnownFileType = sourcecode.swift; path = UserDefaultsManager.swift; sourceTree = "<group>"; };
		278232B22B59A2D500155418 /* DateFormatter.swift */ = {isa = PBXFileReference; lastKnownFileType = sourcecode.swift; path = DateFormatter.swift; sourceTree = "<group>"; };
		278232B42B59AD7900155418 /* UIColor+Hex.swift */ = {isa = PBXFileReference; lastKnownFileType = sourcecode.swift; path = "UIColor+Hex.swift"; sourceTree = "<group>"; };
/* End PBXFileReference section */

/* Begin PBXFrameworksBuildPhase section */
		2782323E2B5776E600155418 /* Frameworks */ = {
			isa = PBXFrameworksBuildPhase;
			buildActionMask = 2147483647;
			files = (
			);
			runOnlyForDeploymentPostprocessing = 0;
		};
/* End PBXFrameworksBuildPhase section */

/* Begin PBXGroup section */
		278232382B5776E600155418 = {
			isa = PBXGroup;
			children = (
				278232432B5776E600155418 /* myCinema */,
				278232422B5776E600155418 /* Products */,
			);
			sourceTree = "<group>";
		};
		278232422B5776E600155418 /* Products */ = {
			isa = PBXGroup;
			children = (
				278232412B5776E600155418 /* myCinema.app */,
			);
			name = Products;
			sourceTree = "<group>";
		};
		278232432B5776E600155418 /* myCinema */ = {
			isa = PBXGroup;
			children = (
				278232442B5776E600155418 /* AppDelegate.swift */,
				278232462B5776E600155418 /* SceneDelegate.swift */,
				278232A52B59A16500155418 /* Storyboards */,
				278232A22B59A12400155418 /* Model */,
				278232912B58121B00155418 /* Controller */,
				278232A32B59A12E00155418 /* Helpers */,
				278232A42B59A14A00155418 /* Networking */,
				278232522B5776E700155418 /* Info.plist */,
			);
			path = myCinema;
			sourceTree = "<group>";
		};
		278232912B58121B00155418 /* Controller */ = {
			isa = PBXGroup;
			children = (
				278232942B58124900155418 /* LoginVC.swift */,
				278232962B58125900155418 /* JoinVC.swift */,
				278232982B58126E00155418 /* MovieListVC.swift */,
				2782329A2B58127E00155418 /* MovieDetailVC.swift */,
				2782329C2B58129600155418 /* MovieBookingVC.swift */,
				2782329E2B5812B400155418 /* MovieSearchingVC.swift */,
				278232A02B5812C700155418 /* MyPageVC.swift */,
			);
			path = Controller;
			sourceTree = "<group>";
		};
		278232A22B59A12400155418 /* Model */ = {
			isa = PBXGroup;
			children = (
				278232AA2B59A27800155418 /* MovieInfo.swift */,
				278232AC2B59A29400155418 /* UserInfo.swift */,
				278232AE2B59A2A300155418 /* APiManager.swift */,
				278232B42B59AD7900155418 /* UIColor+Hex.swift */,
			);
			path = Model;
			sourceTree = "<group>";
		};
		278232A32B59A12E00155418 /* Helpers */ = {
			isa = PBXGroup;
			children = (
				278232B02B59A2C400155418 /* UserDefaultsManager.swift */,
				278232B22B59A2D500155418 /* DateFormatter.swift */,
			);
			path = Helpers;
			sourceTree = "<group>";
		};
		278232A42B59A14A00155418 /* Networking */ = {
			isa = PBXGroup;
			children = (
				278232A62B59A25300155418 /* ApiConstants.swift */,
				278232A82B59A26100155418 /* NetworkManager.swift */,
			);
			path = Networking;
			sourceTree = "<group>";
		};
		278232A52B59A16500155418 /* Storyboards */ = {
			isa = PBXGroup;
			children = (
				2782324A2B5776E600155418 /* Main.storyboard */,
				2782324F2B5776E700155418 /* LaunchScreen.storyboard */,
			);
			path = Storyboards;
			sourceTree = "<group>";
		};
/* End PBXGroup section */

/* Begin PBXNativeTarget section */
		278232402B5776E600155418 /* myCinema */ = {
			isa = PBXNativeTarget;
			buildConfigurationList = 278232552B5776E700155418 /* Build configuration list for PBXNativeTarget "myCinema" */;
			buildPhases = (
				2782323D2B5776E600155418 /* Sources */,
				2782323E2B5776E600155418 /* Frameworks */,
				2782323F2B5776E600155418 /* Resources */,
			);
			buildRules = (
			);
			dependencies = (
			);
			name = myCinema;
			productName = myCinema;
			productReference = 278232412B5776E600155418 /* myCinema.app */;
			productType = "com.apple.product-type.application";
		};
/* End PBXNativeTarget section */

/* Begin PBXProject section */
		278232392B5776E600155418 /* Project object */ = {
			isa = PBXProject;
			attributes = {
				BuildIndependentTargetsInParallel = 1;
				LastSwiftUpdateCheck = 1510;
				LastUpgradeCheck = 1510;
				TargetAttributes = {
					278232402B5776E600155418 = {
						CreatedOnToolsVersion = 15.1;
					};
				};
			};
			buildConfigurationList = 2782323C2B5776E600155418 /* Build configuration list for PBXProject "myCinema" */;
			compatibilityVersion = "Xcode 14.0";
			developmentRegion = en;
			hasScannedForEncodings = 0;
			knownRegions = (
				en,
				Base,
			);
			mainGroup = 278232382B5776E600155418;
			productRefGroup = 278232422B5776E600155418 /* Products */;
			projectDirPath = "";
			projectRoot = "";
			targets = (
				278232402B5776E600155418 /* myCinema */,
			);
		};
/* End PBXProject section */

/* Begin PBXResourcesBuildPhase section */
		2782323F2B5776E600155418 /* Resources */ = {
			isa = PBXResourcesBuildPhase;
			buildActionMask = 2147483647;
			files = (
				278232512B5776E700155418 /* LaunchScreen.storyboard in Resources */,
				2782324C2B5776E600155418 /* Main.storyboard in Resources */,
			);
			runOnlyForDeploymentPostprocessing = 0;
		};
/* End PBXResourcesBuildPhase section */

/* Begin PBXSourcesBuildPhase section */
		2782323D2B5776E600155418 /* Sources */ = {
			isa = PBXSourcesBuildPhase;
			buildActionMask = 2147483647;
			files = (
				278232A92B59A26100155418 /* NetworkManager.swift in Sources */,
				278232A72B59A25300155418 /* ApiConstants.swift in Sources */,
				2782329B2B58127E00155418 /* MovieDetailVC.swift in Sources */,
				2782329D2B58129600155418 /* MovieBookingVC.swift in Sources */,
				278232B52B59AD7900155418 /* UIColor+Hex.swift in Sources */,
				278232AF2B59A2A300155418 /* APiManager.swift in Sources */,
				278232B12B59A2C400155418 /* UserDefaultsManager.swift in Sources */,
				278232B32B59A2D500155418 /* DateFormatter.swift in Sources */,
				278232452B5776E600155418 /* AppDelegate.swift in Sources */,
				2782329F2B5812B400155418 /* MovieSearchingVC.swift in Sources */,
				278232952B58124900155418 /* LoginVC.swift in Sources */,
				278232AB2B59A27800155418 /* MovieInfo.swift in Sources */,
				278232472B5776E600155418 /* SceneDelegate.swift in Sources */,
				278232A12B5812C700155418 /* MyPageVC.swift in Sources */,
				278232972B58125900155418 /* JoinVC.swift in Sources */,
				278232AD2B59A29400155418 /* UserInfo.swift in Sources */,
				278232992B58126E00155418 /* MovieListVC.swift in Sources */,
			);
			runOnlyForDeploymentPostprocessing = 0;
		};
/* End PBXSourcesBuildPhase section */

/* Begin PBXVariantGroup section */
		2782324A2B5776E600155418 /* Main.storyboard */ = {
			isa = PBXVariantGroup;
			children = (
				2782324B2B5776E600155418 /* Base */,
			);
			name = Main.storyboard;
			sourceTree = "<group>";
		};
		2782324F2B5776E700155418 /* LaunchScreen.storyboard */ = {
			isa = PBXVariantGroup;
			children = (
				278232502B5776E700155418 /* Base */,
			);
			name = LaunchScreen.storyboard;
			sourceTree = "<group>";
		};
/* End PBXVariantGroup section */

/* Begin XCBuildConfiguration section */
		278232532B5776E700155418 /* Debug */ = {
			isa = XCBuildConfiguration;
			buildSettings = {
				ALWAYS_SEARCH_USER_PATHS = NO;
				ASSETCATALOG_COMPILER_GENERATE_SWIFT_ASSET_SYMBOL_EXTENSIONS = YES;
				CLANG_ANALYZER_NONNULL = YES;
				CLANG_ANALYZER_NUMBER_OBJECT_CONVERSION = YES_AGGRESSIVE;
				CLANG_CXX_LANGUAGE_STANDARD = "gnu++20";
				CLANG_ENABLE_MODULES = YES;
				CLANG_ENABLE_OBJC_ARC = YES;
				CLANG_ENABLE_OBJC_WEAK = YES;
				CLANG_WARN_BLOCK_CAPTURE_AUTORELEASING = YES;
				CLANG_WARN_BOOL_CONVERSION = YES;
				CLANG_WARN_COMMA = YES;
				CLANG_WARN_CONSTANT_CONVERSION = YES;
				CLANG_WARN_DEPRECATED_OBJC_IMPLEMENTATIONS = YES;
				CLANG_WARN_DIRECT_OBJC_ISA_USAGE = YES_ERROR;
				CLANG_WARN_DOCUMENTATION_COMMENTS = YES;
				CLANG_WARN_EMPTY_BODY = YES;
				CLANG_WARN_ENUM_CONVERSION = YES;
				CLANG_WARN_INFINITE_RECURSION = YES;
				CLANG_WARN_INT_CONVERSION = YES;
				CLANG_WARN_NON_LITERAL_NULL_CONVERSION = YES;
				CLANG_WARN_OBJC_IMPLICIT_RETAIN_SELF = YES;
				CLANG_WARN_OBJC_LITERAL_CONVERSION = YES;
				CLANG_WARN_OBJC_ROOT_CLASS = YES_ERROR;
				CLANG_WARN_QUOTED_INCLUDE_IN_FRAMEWORK_HEADER = YES;
				CLANG_WARN_RANGE_LOOP_ANALYSIS = YES;
				CLANG_WARN_STRICT_PROTOTYPES = YES;
				CLANG_WARN_SUSPICIOUS_MOVE = YES;
				CLANG_WARN_UNGUARDED_AVAILABILITY = YES_AGGRESSIVE;
				CLANG_WARN_UNREACHABLE_CODE = YES;
				CLANG_WARN__DUPLICATE_METHOD_MATCH = YES;
				COPY_PHASE_STRIP = NO;
				DEBUG_INFORMATION_FORMAT = dwarf;
				ENABLE_STRICT_OBJC_MSGSEND = YES;
				ENABLE_TESTABILITY = YES;
				ENABLE_USER_SCRIPT_SANDBOXING = YES;
				GCC_C_LANGUAGE_STANDARD = gnu17;
				GCC_DYNAMIC_NO_PIC = NO;
				GCC_NO_COMMON_BLOCKS = YES;
				GCC_OPTIMIZATION_LEVEL = 0;
				GCC_PREPROCESSOR_DEFINITIONS = (
					"DEBUG=1",
					"$(inherited)",
				);
				GCC_WARN_64_TO_32_BIT_CONVERSION = YES;
				GCC_WARN_ABOUT_RETURN_TYPE = YES_ERROR;
				GCC_WARN_UNDECLARED_SELECTOR = YES;
				GCC_WARN_UNINITIALIZED_AUTOS = YES_AGGRESSIVE;
				GCC_WARN_UNUSED_FUNCTION = YES;
				GCC_WARN_UNUSED_VARIABLE = YES;
				IPHONEOS_DEPLOYMENT_TARGET = 17.2;
				LOCALIZATION_PREFERS_STRING_CATALOGS = YES;
				MTL_ENABLE_DEBUG_INFO = INCLUDE_SOURCE;
				MTL_FAST_MATH = YES;
				ONLY_ACTIVE_ARCH = YES;
				SDKROOT = iphoneos;
				SWIFT_ACTIVE_COMPILATION_CONDITIONS = "DEBUG $(inherited)";
				SWIFT_OPTIMIZATION_LEVEL = "-Onone";
			};
			name = Debug;
		};
		278232542B5776E700155418 /* Release */ = {
			isa = XCBuildConfiguration;
			buildSettings = {
				ALWAYS_SEARCH_USER_PATHS = NO;
				ASSETCATALOG_COMPILER_GENERATE_SWIFT_ASSET_SYMBOL_EXTENSIONS = YES;
				CLANG_ANALYZER_NONNULL = YES;
				CLANG_ANALYZER_NUMBER_OBJECT_CONVERSION = YES_AGGRESSIVE;
				CLANG_CXX_LANGUAGE_STANDARD = "gnu++20";
				CLANG_ENABLE_MODULES = YES;
				CLANG_ENABLE_OBJC_ARC = YES;
				CLANG_ENABLE_OBJC_WEAK = YES;
				CLANG_WARN_BLOCK_CAPTURE_AUTORELEASING = YES;
				CLANG_WARN_BOOL_CONVERSION = YES;
				CLANG_WARN_COMMA = YES;
				CLANG_WARN_CONSTANT_CONVERSION = YES;
				CLANG_WARN_DEPRECATED_OBJC_IMPLEMENTATIONS = YES;
				CLANG_WARN_DIRECT_OBJC_ISA_USAGE = YES_ERROR;
				CLANG_WARN_DOCUMENTATION_COMMENTS = YES;
				CLANG_WARN_EMPTY_BODY = YES;
				CLANG_WARN_ENUM_CONVERSION = YES;
				CLANG_WARN_INFINITE_RECURSION = YES;
				CLANG_WARN_INT_CONVERSION = YES;
				CLANG_WARN_NON_LITERAL_NULL_CONVERSION = YES;
				CLANG_WARN_OBJC_IMPLICIT_RETAIN_SELF = YES;
				CLANG_WARN_OBJC_LITERAL_CONVERSION = YES;
				CLANG_WARN_OBJC_ROOT_CLASS = YES_ERROR;
				CLANG_WARN_QUOTED_INCLUDE_IN_FRAMEWORK_HEADER = YES;
				CLANG_WARN_RANGE_LOOP_ANALYSIS = YES;
				CLANG_WARN_STRICT_PROTOTYPES = YES;
				CLANG_WARN_SUSPICIOUS_MOVE = YES;
				CLANG_WARN_UNGUARDED_AVAILABILITY = YES_AGGRESSIVE;
				CLANG_WARN_UNREACHABLE_CODE = YES;
				CLANG_WARN__DUPLICATE_METHOD_MATCH = YES;
				COPY_PHASE_STRIP = NO;
				DEBUG_INFORMATION_FORMAT = "dwarf-with-dsym";
				ENABLE_NS_ASSERTIONS = NO;
				ENABLE_STRICT_OBJC_MSGSEND = YES;
				ENABLE_USER_SCRIPT_SANDBOXING = YES;
				GCC_C_LANGUAGE_STANDARD = gnu17;
				GCC_NO_COMMON_BLOCKS = YES;
				GCC_WARN_64_TO_32_BIT_CONVERSION = YES;
				GCC_WARN_ABOUT_RETURN_TYPE = YES_ERROR;
				GCC_WARN_UNDECLARED_SELECTOR = YES;
				GCC_WARN_UNINITIALIZED_AUTOS = YES_AGGRESSIVE;
				GCC_WARN_UNUSED_FUNCTION = YES;
				GCC_WARN_UNUSED_VARIABLE = YES;
				IPHONEOS_DEPLOYMENT_TARGET = 17.2;
				LOCALIZATION_PREFERS_STRING_CATALOGS = YES;
				MTL_ENABLE_DEBUG_INFO = NO;
				MTL_FAST_MATH = YES;
				SDKROOT = iphoneos;
				SWIFT_COMPILATION_MODE = wholemodule;
				VALIDATE_PRODUCT = YES;
			};
			name = Release;
		};
		278232562B5776E700155418 /* Debug */ = {
			isa = XCBuildConfiguration;
			buildSettings = {
				ASSETCATALOG_COMPILER_APPICON_NAME = AppIcon;
				ASSETCATALOG_COMPILER_GLOBAL_ACCENT_COLOR_NAME = AccentColor;
				CODE_SIGN_STYLE = Automatic;
				CURRENT_PROJECT_VERSION = 1;
				GENERATE_INFOPLIST_FILE = YES;
				INFOPLIST_FILE = myCinema/Info.plist;
				INFOPLIST_KEY_UIApplicationSupportsIndirectInputEvents = YES;
				INFOPLIST_KEY_UILaunchStoryboardName = LaunchScreen;
				INFOPLIST_KEY_UIMainStoryboardFile = Main;
				INFOPLIST_KEY_UISupportedInterfaceOrientations_iPad = "UIInterfaceOrientationPortrait UIInterfaceOrientationPortraitUpsideDown UIInterfaceOrientationLandscapeLeft UIInterfaceOrientationLandscapeRight";
				INFOPLIST_KEY_UISupportedInterfaceOrientations_iPhone = "UIInterfaceOrientationPortrait UIInterfaceOrientationLandscapeLeft UIInterfaceOrientationLandscapeRight";
				IPHONEOS_DEPLOYMENT_TARGET = 17.2;
				LD_RUNPATH_SEARCH_PATHS = (
					"$(inherited)",
					"@executable_path/Frameworks",
				);
				MARKETING_VERSION = 1.0;
				PRODUCT_BUNDLE_IDENTIFIER = com.Yujin.myCinema;
				PRODUCT_NAME = "$(TARGET_NAME)";
				SWIFT_EMIT_LOC_STRINGS = YES;
				SWIFT_VERSION = 5.0;
				TARGETED_DEVICE_FAMILY = "1,2";
			};
			name = Debug;
		};
		278232572B5776E700155418 /* Release */ = {
			isa = XCBuildConfiguration;
			buildSettings = {
				ASSETCATALOG_COMPILER_APPICON_NAME = AppIcon;
				ASSETCATALOG_COMPILER_GLOBAL_ACCENT_COLOR_NAME = AccentColor;
				CODE_SIGN_STYLE = Automatic;
				CURRENT_PROJECT_VERSION = 1;
				GENERATE_INFOPLIST_FILE = YES;
				INFOPLIST_FILE = myCinema/Info.plist;
				INFOPLIST_KEY_UIApplicationSupportsIndirectInputEvents = YES;
				INFOPLIST_KEY_UILaunchStoryboardName = LaunchScreen;
				INFOPLIST_KEY_UIMainStoryboardFile = Main;
				INFOPLIST_KEY_UISupportedInterfaceOrientations_iPad = "UIInterfaceOrientationPortrait UIInterfaceOrientationPortraitUpsideDown UIInterfaceOrientationLandscapeLeft UIInterfaceOrientationLandscapeRight";
				INFOPLIST_KEY_UISupportedInterfaceOrientations_iPhone = "UIInterfaceOrientationPortrait UIInterfaceOrientationLandscapeLeft UIInterfaceOrientationLandscapeRight";
				IPHONEOS_DEPLOYMENT_TARGET = 17.2;
				LD_RUNPATH_SEARCH_PATHS = (
					"$(inherited)",
					"@executable_path/Frameworks",
				);
				MARKETING_VERSION = 1.0;
				PRODUCT_BUNDLE_IDENTIFIER = com.Yujin.myCinema;
				PRODUCT_NAME = "$(TARGET_NAME)";
				SWIFT_EMIT_LOC_STRINGS = YES;
				SWIFT_VERSION = 5.0;
				TARGETED_DEVICE_FAMILY = "1,2";
			};
			name = Release;
		};
/* End XCBuildConfiguration section */

/* Begin XCConfigurationList section */
		2782323C2B5776E600155418 /* Build configuration list for PBXProject "myCinema" */ = {
			isa = XCConfigurationList;
			buildConfigurations = (
				278232532B5776E700155418 /* Debug */,
				278232542B5776E700155418 /* Release */,
			);
			defaultConfigurationIsVisible = 0;
			defaultConfigurationName = Release;
		};
		278232552B5776E700155418 /* Build configuration list for PBXNativeTarget "myCinema" */ = {
			isa = XCConfigurationList;
			buildConfigurations = (
				278232562B5776E700155418 /* Debug */,
				278232572B5776E700155418 /* Release */,
			);
			defaultConfigurationIsVisible = 0;
			defaultConfigurationName = Release;
		};
/* End XCConfigurationList section */
	};
	rootObject = 278232392B5776E600155418 /* Project object */;
}
